
Microsoft Visual Studio Solution File, Format Version 12.00
# Visual Studio 15
VisualStudioVersion = 15.0.27703.2035
MinimumVisualStudioVersion = 10.0.40219.1
Project("{FAE04EC0-301F-11D3-BF4B-00C04F79EFBC}") = "CityInfo.API", "CityInfo.API\CityInfo.API.csproj", "{4A82117F-6D5A-49FD-BF9E-F9B0BA05CE03}"
EndProject
Project("{E53339B2-1760-4266-BCC7-CA923CBCF16C}") = "docker-compose", "docker-compose.dcproj", "{827EA985-4AAE-4860-8FD2-824417047607}"
EndProject
Global
	GlobalSection(SolutionConfigurationPlatforms) = preSolution
		Debug|Any CPU = Debug|Any CPU
		Release|Any CPU = Release|Any CPU
	EndGlobalSection
	GlobalSection(ProjectConfigurationPlatforms) = postSolution
		{4A82117F-6D5A-49FD-BF9E-F9B0BA05CE03}.Debug|Any CPU.ActiveCfg = Debug|Any CPU
		{4A82117F-6D5A-49FD-BF9E-F9B0BA05CE03}.Debug|Any CPU.Build.0 = Debug|Any CPU
		{4A82117F-6D5A-49FD-BF9E-F9B0BA05CE03}.Release|Any CPU.ActiveCfg = Release|Any CPU
		{4A82117F-6D5A-49FD-BF9E-F9B0BA05CE03}.Release|Any CPU.Build.0 = Release|Any CPU
		{827EA985-4AAE-4860-8FD2-824417047607}.Debug|Any CPU.ActiveCfg = Debug|Any CPU
		{827EA985-4AAE-4860-8FD2-824417047607}.Debug|Any CPU.Build.0 = Debug|Any CPU
		{827EA985-4AAE-4860-8FD2-824417047607}.Release|Any CPU.ActiveCfg = Release|Any CPU
		{827EA985-4AAE-4860-8FD2-824417047607}.Release|Any CPU.Build.0 = Release|Any CPU
	EndGlobalSection
	GlobalSection(SolutionProperties) = preSolution
		HideSolutionNode = FALSE
	EndGlobalSection
	GlobalSection(ExtensibilityGlobals) = postSolution
		SolutionGuid = {A61C8FC0-06C7-4C2D-BEDD-BA715D1664A1}
	EndGlobalSection
EndGlobal
